version: 4
environments:
  default:
    channels:
    - url: https://conda.anaconda.org/conda-forge/
    packages:
      win-64:
      - conda: https://conda.anaconda.org/conda-forge/noarch/gitdb-4.0.11-pyhd8ed1ab_0.conda
      - conda: https://conda.anaconda.org/conda-forge/noarch/gitpython-3.1.41-pyhd8ed1ab_0.conda
      - conda: https://conda.anaconda.org/conda-forge/noarch/smmap-5.0.0-pyhd8ed1ab_0.tar.bz2
      - conda: https://conda.anaconda.org/conda-forge/noarch/typing_extensions-4.9.0-pyha770c72_0.conda
      - conda: https://conda.anaconda.org/conda-forge/noarch/tzdata-2024a-h0c530f3_0.conda
      - conda: https://conda.anaconda.org/conda-forge/win-64/bzip2-1.0.8-hcfcfb64_5.conda
      - conda: https://conda.anaconda.org/conda-forge/win-64/ca-certificates-2024.2.2-h56e8100_0.conda
      - conda: https://conda.anaconda.org/conda-forge/win-64/git-2.43.0-h57928b3_0.conda
      - conda: https://conda.anaconda.org/conda-forge/win-64/libexpat-2.5.0-h63175ca_1.conda
      - conda: https://conda.anaconda.org/conda-forge/win-64/libffi-3.4.2-h8ffe710_5.tar.bz2
      - conda: https://conda.anaconda.org/conda-forge/win-64/libsqlite-3.45.1-hcfcfb64_0.conda
      - conda: https://conda.anaconda.org/conda-forge/win-64/libzlib-1.2.13-hcfcfb64_5.conda
      - conda: https://conda.anaconda.org/conda-forge/win-64/openssl-3.2.1-hcfcfb64_0.conda
      - conda: https://conda.anaconda.org/conda-forge/win-64/psutil-5.9.8-py311ha68e1ae_0.conda
      - conda: https://conda.anaconda.org/conda-forge/win-64/python-3.11.7-h2628c8c_1_cpython.conda
      - conda: https://conda.anaconda.org/conda-forge/win-64/python_abi-3.11-4_cp311.conda
      - conda: https://conda.anaconda.org/conda-forge/win-64/tk-8.6.13-h5226925_1.conda
      - conda: https://conda.anaconda.org/conda-forge/win-64/ucrt-10.0.22621.0-h57928b3_0.tar.bz2
      - conda: https://conda.anaconda.org/conda-forge/win-64/vc-14.3-hcf57466_18.conda
      - conda: https://conda.anaconda.org/conda-forge/win-64/vc14_runtime-14.38.33130-h82b7239_18.conda
      - conda: https://conda.anaconda.org/conda-forge/win-64/vs2015_runtime-14.38.33130-hcb4865c_18.conda
      - conda: https://conda.anaconda.org/conda-forge/win-64/xz-5.2.6-h8d14728_0.tar.bz2
packages:
- kind: conda
  name: bzip2
  version: 1.0.8
  build: hcfcfb64_5
  build_number: 5
  subdir: win-64
  url: https://conda.anaconda.org/conda-forge/win-64/bzip2-1.0.8-hcfcfb64_5.conda
  sha256: ae5f47a5c86fd6db822931255dcf017eb12f60c77f07dc782ccb477f7808aab2
  md5: 26eb8ca6ea332b675e11704cce84a3be
  depends:
  - ucrt >=10.0.20348.0
  - vc >=14.2,<15
  - vc14_runtime >=14.29.30139
  license: bzip2-1.0.6
  license_family: BSD
  size: 124580
  timestamp: 1699280668742
- kind: conda
  name: ca-certificates
  version: 2024.2.2
  build: h56e8100_0
  subdir: win-64
  url: https://conda.anaconda.org/conda-forge/win-64/ca-certificates-2024.2.2-h56e8100_0.conda
  sha256: 4d587088ecccd393fec3420b64f1af4ee1a0e6897a45cfd5ef38055322cea5d0
  md5: 63da060240ab8087b60d1357051ea7d6
  license: ISC
  size: 155886
  timestamp: 1706843918052
- kind: conda
  name: git
  version: 2.43.0
  build: h57928b3_0
  subdir: win-64
  url: https://conda.anaconda.org/conda-forge/win-64/git-2.43.0-h57928b3_0.conda
  sha256: 6ba54cdcac6cac6b7ec7246247bccd73afefe063e52b663804092a4df438fd75
  md5: b928ca6604cb41bef01ad9a2a049cc44
  license: GPL-2.0-or-later and LGPL-2.1-or-later
  size: 114364282
  timestamp: 1701101707763
- kind: conda
  name: gitdb
  version: 4.0.11
  build: pyhd8ed1ab_0
  subdir: noarch
  noarch: python
  url: https://conda.anaconda.org/conda-forge/noarch/gitdb-4.0.11-pyhd8ed1ab_0.conda
  sha256: 52ab2798be31b8f509eeec458712f447ced4f96ecb672c6c9a42778f47e07b1b
  md5: 623b19f616f2ca0c261441067e18ae40
  depends:
  - python >=3.7
  - smmap >=3.0.1,<6
  license: BSD-3-Clause
  license_family: BSD
  size: 52872
  timestamp: 1697791718749
- kind: conda
  name: gitpython
  version: 3.1.41
  build: pyhd8ed1ab_0
  subdir: noarch
  noarch: python
  url: https://conda.anaconda.org/conda-forge/noarch/gitpython-3.1.41-pyhd8ed1ab_0.conda
  sha256: cf3c45156feec1fe8adfd3552ed70f4218e9771643cca8dd2673bca9dea04c9c
  md5: 84874a90c312088f7b5e63402fc44a58
  depends:
  - gitdb >=4.0.1,<5
  - python >=3.7
  - typing_extensions >=3.7.4.3
  license: BSD-3-Clause
  license_family: BSD
  size: 150528
  timestamp: 1704911329345
- kind: conda
  name: libexpat
  version: 2.5.0
  build: h63175ca_1
  build_number: 1
  subdir: win-64
  url: https://conda.anaconda.org/conda-forge/win-64/libexpat-2.5.0-h63175ca_1.conda
  sha256: 794b2a9be72f176a2767c299574d330ffb76b2ed75d7fd20bee3bbadce5886cf
  md5: 636cc3cbbd2e28bcfd2f73b2044aac2c
  constrains:
  - expat 2.5.0.*
  license: MIT
  license_family: MIT
  size: 138689
  timestamp: 1680190844101
- kind: conda
  name: libffi
  version: 3.4.2
  build: h8ffe710_5
  build_number: 5
  subdir: win-64
  url: https://conda.anaconda.org/conda-forge/win-64/libffi-3.4.2-h8ffe710_5.tar.bz2
  sha256: 1951ab740f80660e9bc07d2ed3aefb874d78c107264fd810f24a1a6211d4b1a5
  md5: 2c96d1b6915b408893f9472569dee135
  depends:
  - vc >=14.1,<15.0a0
  - vs2015_runtime >=14.16.27012
  license: MIT
  license_family: MIT
  size: 42063
  timestamp: 1636489106777
- kind: conda
  name: libsqlite
  version: 3.45.1
  build: hcfcfb64_0
  subdir: win-64
  url: https://conda.anaconda.org/conda-forge/win-64/libsqlite-3.45.1-hcfcfb64_0.conda
  sha256: e1010f4ac7b056d85d91e6cb6137ef118f920eba88059261689e543780b230df
  md5: c583c1d6999b7aa148eff3089e13c44b
  depends:
  - ucrt >=10.0.20348.0
  - vc >=14.2,<15
  - vc14_runtime >=14.29.30139
  license: Unlicense
  size: 870045
  timestamp: 1707495642340
- kind: conda
  name: libzlib
  version: 1.2.13
  build: hcfcfb64_5
  build_number: 5
  subdir: win-64
  url: https://conda.anaconda.org/conda-forge/win-64/libzlib-1.2.13-hcfcfb64_5.conda
  sha256: c161822ee8130b71e08b6d282b9919c1de2c5274b29921a867bca0f7d30cad26
  md5: 5fdb9c6a113b6b6cb5e517fd972d5f41
  depends:
  - ucrt >=10.0.20348.0
  - vc >=14.2,<15
  - vc14_runtime >=14.29.30139
  constrains:
  - zlib 1.2.13 *_5
  license: Zlib
  license_family: Other
  size: 55800
  timestamp: 1686575452215
- kind: conda
  name: openssl
  version: 3.2.1
  build: hcfcfb64_0
  subdir: win-64
  url: https://conda.anaconda.org/conda-forge/win-64/openssl-3.2.1-hcfcfb64_0.conda
  sha256: 1df1c43136f863d5e9ba20b703001caf9a4d0ea56bdc3eeb948c977e3d4f91d3
  md5: 158df8eead8092cf0e27167c8761a8dd
  depends:
  - ca-certificates
  - ucrt >=10.0.20348.0
  - vc >=14.2,<15
  - vc14_runtime >=14.29.30139
  constrains:
  - pyopenssl >=22.1
  license: Apache-2.0
  license_family: Apache
  size: 8229619
  timestamp: 1706638014697
- kind: conda
  name: psutil
  version: 5.9.8
  build: py311ha68e1ae_0
  subdir: win-64
  url: https://conda.anaconda.org/conda-forge/win-64/psutil-5.9.8-py311ha68e1ae_0.conda
  sha256: 77760f2ce0d2be9339d94d0fb5b3d102659355563f5b6471a1231525e63ff581
  md5: 17e48538806e7c682d2ffcbd5c9f9aa0
  depends:
  - python >=3.11,<3.12.0a0
  - python_abi 3.11.* *_cp311
  - ucrt >=10.0.20348.0
  - vc >=14.2,<15
  - vc14_runtime >=14.29.30139
  license: BSD-3-Clause
  license_family: BSD
  size: 520242
  timestamp: 1705723070638
- kind: conda
  name: python
  version: 3.11.7
  build: h2628c8c_1_cpython
  build_number: 1
  subdir: win-64
  url: https://conda.anaconda.org/conda-forge/win-64/python-3.11.7-h2628c8c_1_cpython.conda
  sha256: 668e9fd58e627c823e6e9d791e1fb8b372c76b5704a0c3b0cc94b3a34f5be582
  md5: c2f9a938fca6aa621b44afc8f5db79ab
  depends:
  - bzip2 >=1.0.8,<2.0a0
  - libexpat >=2.5.0,<3.0a0
  - libffi >=3.4,<4.0a0
  - libsqlite >=3.44.2,<4.0a0
  - libzlib >=1.2.13,<1.3.0a0
  - openssl >=3.2.0,<4.0a0
  - tk >=8.6.13,<8.7.0a0
  - tzdata
  - ucrt >=10.0.20348.0
  - vc >=14.2,<15
  - vc14_runtime >=14.29.30139
  - xz >=5.2.6,<6.0a0
  constrains:
  - python_abi 3.11.* *_cp311
  license: Python-2.0
  size: 18191531
  timestamp: 1703342117253
- kind: conda
  name: python_abi
  version: '3.11'
  build: 4_cp311
  build_number: 4
  subdir: win-64
  url: https://conda.anaconda.org/conda-forge/win-64/python_abi-3.11-4_cp311.conda
  sha256: 67c2aade3e2160642eec0742384e766b20c766055e3d99335681e3e05d88ed7b
  md5: 70513332c71b56eace4ee6441e66c012
  constrains:
  - python 3.11.* *_cpython
  license: BSD-3-Clause
  license_family: BSD
  size: 6755
  timestamp: 1695147711935
- kind: conda
  name: smmap
  version: 5.0.0
  build: pyhd8ed1ab_0
  subdir: noarch
  noarch: python
  url: https://conda.anaconda.org/conda-forge/noarch/smmap-5.0.0-pyhd8ed1ab_0.tar.bz2
  sha256: 23011cb3e064525bdb8787c75126a2e78d2344a72cd6773922006d1da1f2af16
  md5: 62f26a3d1387acee31322208f0cfa3e0
  depends:
  - python >=3.5
  license: BSD-3-Clause
  license_family: BSD
  size: 22483
  timestamp: 1634310465482
- kind: conda
  name: tk
  version: 8.6.13
  build: h5226925_1
  build_number: 1
  subdir: win-64
  url: https://conda.anaconda.org/conda-forge/win-64/tk-8.6.13-h5226925_1.conda
  sha256: 2c4e914f521ccb2718946645108c9bd3fc3216ba69aea20c2c3cedbd8db32bb1
  md5: fc048363eb8f03cd1737600a5d08aafe
  depends:
  - ucrt >=10.0.20348.0
  - vc >=14.2,<15
  - vc14_runtime >=14.29.30139
  license: TCL
  license_family: BSD
  size: 3503410
  timestamp: 1699202577803
- kind: conda
  name: typing_extensions
  version: 4.9.0
  build: pyha770c72_0
  subdir: noarch
  noarch: python
  url: https://conda.anaconda.org/conda-forge/noarch/typing_extensions-4.9.0-pyha770c72_0.conda
  sha256: f3c5be8673bfd905c4665efcb27fa50192f24f84fa8eff2f19cba5d09753d905
  md5: a92a6440c3fe7052d63244f3aba2a4a7
  depends:
  - python >=3.8
  license: PSF-2.0
  license_family: PSF
  size: 36058
  timestamp: 1702176292645
- kind: conda
  name: tzdata
  version: 2024a
  build: h0c530f3_0
  subdir: noarch
  noarch: generic
  url: https://conda.anaconda.org/conda-forge/noarch/tzdata-2024a-h0c530f3_0.conda
  sha256: 7b2b69c54ec62a243eb6fba2391b5e443421608c3ae5dbff938ad33ca8db5122
  md5: 161081fc7cec0bfda0d86d7cb595f8d8
  license: LicenseRef-Public-Domain
  size: 119815
  timestamp: 1706886945727
- kind: conda
  name: ucrt
  version: 10.0.22621.0
  build: h57928b3_0
  subdir: win-64
  url: https://conda.anaconda.org/conda-forge/win-64/ucrt-10.0.22621.0-h57928b3_0.tar.bz2
  sha256: f29cdaf8712008f6b419b8b1a403923b00ab2504bfe0fb2ba8eb60e72d4f14c6
  md5: 72608f6cd3e5898229c3ea16deb1ac43
  constrains:
  - vs2015_runtime >=14.29.30037
  license: LicenseRef-Proprietary
  license_family: PROPRIETARY
  size: 1283972
  timestamp: 1666630199266
- kind: conda
  name: vc
  version: '14.3'
  build: hcf57466_18
  build_number: 18
  subdir: win-64
  url: https://conda.anaconda.org/conda-forge/win-64/vc-14.3-hcf57466_18.conda
  sha256: 447a8d8292a7b2107dcc18afb67f046824711a652725fc0f522c368e7a7b8318
  md5: 20e1e652a4c740fa719002a8449994a2
  depends:
  - vc14_runtime >=14.38.33130
  track_features:
  - vc14
  license: BSD-3-Clause
  license_family: BSD
  size: 16977
  timestamp: 1702511255313
- kind: conda
  name: vc14_runtime
  version: 14.38.33130
  build: h82b7239_18
  build_number: 18
  subdir: win-64
  url: https://conda.anaconda.org/conda-forge/win-64/vc14_runtime-14.38.33130-h82b7239_18.conda
  sha256: bf94c9af4b2e9cba88207001197e695934eadc96a5c5e4cd7597e950aae3d8ff
  md5: 8be79fdd2725ddf7bbf8a27a4c1f79ba
  depends:
  - ucrt >=10.0.20348.0
  constrains:
  - vs2015_runtime 14.38.33130.* *_18
  license: LicenseRef-ProprietaryMicrosoft
  license_family: Proprietary
  size: 749868
  timestamp: 1702511239004
- kind: conda
  name: vs2015_runtime
  version: 14.38.33130
  build: hcb4865c_18
  build_number: 18
  subdir: win-64
  url: https://conda.anaconda.org/conda-forge/win-64/vs2015_runtime-14.38.33130-hcb4865c_18.conda
  sha256: a2fec221f361d6263c117f4ea6d772b21c90a2f8edc6f3eb0eadec6bfe8843db
  md5: 10d42885e3ed84e575b454db30f1aa93
  depends:
  - vc14_runtime >=14.38.33130
  license: BSD-3-Clause
  license_family: BSD
  size: 16988
  timestamp: 1702511261442
- kind: conda
  name: xz
  version: 5.2.6
  build: h8d14728_0
  subdir: win-64
  url: https://conda.anaconda.org/conda-forge/win-64/xz-5.2.6-h8d14728_0.tar.bz2
  sha256: 54d9778f75a02723784dc63aff4126ff6e6749ba21d11a6d03c1f4775f269fe0
  md5: 515d77642eaa3639413c6b1bc3f94219
  depends:
  - vc >=14.1,<15
  - vs2015_runtime >=14.16.27033
  license: LGPL-2.1 and GPL-2.0
  size: 217804
  timestamp: 1660346976440
